
Microsoft Visual Studio Solution File, Format Version 12.00
# Visual Studio Version 17
VisualStudioVersion = 17.0.31903.59
MinimumVisualStudioVersion = 10.0.40219.1
Project("{FAE04EC0-301F-11D3-BF4B-00C04F79EFBC}") = "Composition.App", "Composition.App\Composition.App.csproj", "{01ADB8B5-E93B-4305-ACE3-7D5AB802FE76}"
EndProject
Project("{FAE04EC0-301F-11D3-BF4B-00C04F79EFBC}") = "Composition.Tools", "Composition.Tools\Composition.Tools.csproj", "{60636120-83FC-40C5-8090-5AB5A726BC12}"
EndProject
Project("{FAE04EC0-301F-11D3-BF4B-00C04F79EFBC}") = "Composition.ClientBase", "Composition.ClientBase\Composition.ClientBase.csproj", "{EAF8375D-7B15-4326-8F1D-5C6EAE8C25E8}"
EndProject
Project("{FAE04EC0-301F-11D3-BF4B-00C04F79EFBC}") = "Composition.Demo", "Composition.Demo\Composition.Demo.csproj", "{88630D31-7710-46BB-8565-1ED64FC7C3B3}"
EndProject
Global
	GlobalSection(SolutionConfigurationPlatforms) = preSolution
		Debug|Any CPU = Debug|Any CPU
		Release|Any CPU = Release|Any CPU
	EndGlobalSection
	GlobalSection(ProjectConfigurationPlatforms) = postSolution
		{01ADB8B5-E93B-4305-ACE3-7D5AB802FE76}.Debug|Any CPU.ActiveCfg = Debug|Any CPU
		{01ADB8B5-E93B-4305-ACE3-7D5AB802FE76}.Debug|Any CPU.Build.0 = Debug|Any CPU
		{01ADB8B5-E93B-4305-ACE3-7D5AB802FE76}.Release|Any CPU.ActiveCfg = Release|Any CPU
		{01ADB8B5-E93B-4305-ACE3-7D5AB802FE76}.Release|Any CPU.Build.0 = Release|Any CPU
		{60636120-83FC-40C5-8090-5AB5A726BC12}.Debug|Any CPU.ActiveCfg = Debug|Any CPU
		{60636120-83FC-40C5-8090-5AB5A726BC12}.Debug|Any CPU.Build.0 = Debug|Any CPU
		{60636120-83FC-40C5-8090-5AB5A726BC12}.Release|Any CPU.ActiveCfg = Release|Any CPU
		{60636120-83FC-40C5-8090-5AB5A726BC12}.Release|Any CPU.Build.0 = Release|Any CPU
		{EAF8375D-7B15-4326-8F1D-5C6EAE8C25E8}.Debug|Any CPU.ActiveCfg = Debug|Any CPU
		{EAF8375D-7B15-4326-8F1D-5C6EAE8C25E8}.Debug|Any CPU.Build.0 = Debug|Any CPU
		{EAF8375D-7B15-4326-8F1D-5C6EAE8C25E8}.Release|Any CPU.ActiveCfg = Release|Any CPU
		{EAF8375D-7B15-4326-8F1D-5C6EAE8C25E8}.Release|Any CPU.Build.0 = Release|Any CPU
		{88630D31-7710-46BB-8565-1ED64FC7C3B3}.Debug|Any CPU.ActiveCfg = Debug|Any CPU
		{88630D31-7710-46BB-8565-1ED64FC7C3B3}.Debug|Any CPU.Build.0 = Debug|Any CPU
		{88630D31-7710-46BB-8565-1ED64FC7C3B3}.Release|Any CPU.ActiveCfg = Release|Any CPU
		{88630D31-7710-46BB-8565-1ED64FC7C3B3}.Release|Any CPU.Build.0 = Release|Any CPU
	EndGlobalSection
	GlobalSection(SolutionProperties) = preSolution
		HideSolutionNode = FALSE
	EndGlobalSection
EndGlobal
